
Microsoft Visual Studio Solution File, Format Version 12.00
# Visual Studio Version 17
VisualStudioVersion = 17.1.32319.34
MinimumVisualStudioVersion = 10.0.40219.1
Project("{9A19103F-16F7-4668-BE54-9A1E7A4F7556}") = "Week1_Homework", "Week1_Homework\Week1_Homework.csproj", "{EF19D28E-85A0-40D1-8D4A-A8AEEBBFD1E7}"
EndProject
Project("{2150E333-8FDC-42A3-9474-1A3956D46DE8}") = "Week_1", "Week_1", "{6C677EA5-6AC4-4A8A-915A-4F423C4A1DB3}"
EndProject
Project("{2150E333-8FDC-42A3-9474-1A3956D46DE8}") = "Week_2", "Week_2", "{D7043503-BE0C-4735-8606-7B1E9E417A88}"
EndProject
Project("{2150E333-8FDC-42A3-9474-1A3956D46DE8}") = "Core", "Core", "{1CB5FC9B-0BD5-4E97-8CE8-898E3FB9877F}"
EndProject
Project("{FAE04EC0-301F-11D3-BF4B-00C04F79EFBC}") = "Week2.Application", "Week2_Homework\Core\Week2.Application\Week2.Application.csproj", "{1C9F497F-3935-4C17-A9BF-1E195ED07C46}"
EndProject
Project("{FAE04EC0-301F-11D3-BF4B-00C04F79EFBC}") = "Week2.Domain", "Week2_Homework\Core\Week2.Domain\Week2.Domain.csproj", "{78F1657A-B17D-4011-935C-2BD64F2B0B5F}"
EndProject
Project("{2150E333-8FDC-42A3-9474-1A3956D46DE8}") = "Infrastructure", "Infrastructure", "{12470CBB-711A-4F47-B47F-184FFEF58018}"
EndProject
Project("{FAE04EC0-301F-11D3-BF4B-00C04F79EFBC}") = "Week2.Infrastructure", "Week2_Homework\Infrastructure\Week2.Infrastructure\Week2.Infrastructure.csproj", "{1B22C771-4822-4340-A152-C10BB6794BB3}"
EndProject
Project("{FAE04EC0-301F-11D3-BF4B-00C04F79EFBC}") = "Week2.Persistence", "Week2_Homework\Infrastructure\Week2.Persistence\Week2.Persistence.csproj", "{5CA782EF-B3AC-4799-8742-858EC27E590F}"
EndProject
Project("{2150E333-8FDC-42A3-9474-1A3956D46DE8}") = "Presentation", "Presentation", "{76426A35-509A-4A73-93CC-16AB2F8351E7}"
EndProject
Project("{FAE04EC0-301F-11D3-BF4B-00C04F79EFBC}") = "Week2.API", "Week2_Homework\Presentation\Week2.API\Week2.API.csproj", "{2A82E2EE-4D8D-4859-998D-F22708553088}"
EndProject
Global
	GlobalSection(SolutionConfigurationPlatforms) = preSolution
		debug_2|Any CPU = debug_2|Any CPU
		Debug|Any CPU = Debug|Any CPU
		Release|Any CPU = Release|Any CPU
	EndGlobalSection
	GlobalSection(ProjectConfigurationPlatforms) = postSolution
		{EF19D28E-85A0-40D1-8D4A-A8AEEBBFD1E7}.debug_2|Any CPU.ActiveCfg = Release|Any CPU
		{EF19D28E-85A0-40D1-8D4A-A8AEEBBFD1E7}.Debug|Any CPU.ActiveCfg = Debug|Any CPU
		{EF19D28E-85A0-40D1-8D4A-A8AEEBBFD1E7}.Debug|Any CPU.Build.0 = Debug|Any CPU
		{EF19D28E-85A0-40D1-8D4A-A8AEEBBFD1E7}.Release|Any CPU.ActiveCfg = Release|Any CPU
		{EF19D28E-85A0-40D1-8D4A-A8AEEBBFD1E7}.Release|Any CPU.Build.0 = Release|Any CPU
		{1C9F497F-3935-4C17-A9BF-1E195ED07C46}.debug_2|Any CPU.ActiveCfg = Debug|Any CPU
		{1C9F497F-3935-4C17-A9BF-1E195ED07C46}.debug_2|Any CPU.Build.0 = Debug|Any CPU
		{1C9F497F-3935-4C17-A9BF-1E195ED07C46}.Debug|Any CPU.ActiveCfg = Debug|Any CPU
		{1C9F497F-3935-4C17-A9BF-1E195ED07C46}.Debug|Any CPU.Build.0 = Debug|Any CPU
		{1C9F497F-3935-4C17-A9BF-1E195ED07C46}.Release|Any CPU.ActiveCfg = Release|Any CPU
		{1C9F497F-3935-4C17-A9BF-1E195ED07C46}.Release|Any CPU.Build.0 = Release|Any CPU
		{78F1657A-B17D-4011-935C-2BD64F2B0B5F}.debug_2|Any CPU.ActiveCfg = Debug|Any CPU
		{78F1657A-B17D-4011-935C-2BD64F2B0B5F}.debug_2|Any CPU.Build.0 = Debug|Any CPU
		{78F1657A-B17D-4011-935C-2BD64F2B0B5F}.Debug|Any CPU.ActiveCfg = Debug|Any CPU
		{78F1657A-B17D-4011-935C-2BD64F2B0B5F}.Debug|Any CPU.Build.0 = Debug|Any CPU
		{78F1657A-B17D-4011-935C-2BD64F2B0B5F}.Release|Any CPU.ActiveCfg = Release|Any CPU
		{78F1657A-B17D-4011-935C-2BD64F2B0B5F}.Release|Any CPU.Build.0 = Release|Any CPU
		{1B22C771-4822-4340-A152-C10BB6794BB3}.debug_2|Any CPU.ActiveCfg = Debug|Any CPU
		{1B22C771-4822-4340-A152-C10BB6794BB3}.debug_2|Any CPU.Build.0 = Debug|Any CPU
		{1B22C771-4822-4340-A152-C10BB6794BB3}.Debug|Any CPU.ActiveCfg = Debug|Any CPU
		{1B22C771-4822-4340-A152-C10BB6794BB3}.Debug|Any CPU.Build.0 = Debug|Any CPU
		{1B22C771-4822-4340-A152-C10BB6794BB3}.Release|Any CPU.ActiveCfg = Release|Any CPU
		{1B22C771-4822-4340-A152-C10BB6794BB3}.Release|Any CPU.Build.0 = Release|Any CPU
		{5CA782EF-B3AC-4799-8742-858EC27E590F}.debug_2|Any CPU.ActiveCfg = Debug|Any CPU
		{5CA782EF-B3AC-4799-8742-858EC27E590F}.debug_2|Any CPU.Build.0 = Debug|Any CPU
		{5CA782EF-B3AC-4799-8742-858EC27E590F}.Debug|Any CPU.ActiveCfg = Debug|Any CPU
		{5CA782EF-B3AC-4799-8742-858EC27E590F}.Debug|Any CPU.Build.0 = Debug|Any CPU
		{5CA782EF-B3AC-4799-8742-858EC27E590F}.Release|Any CPU.ActiveCfg = Release|Any CPU
		{5CA782EF-B3AC-4799-8742-858EC27E590F}.Release|Any CPU.Build.0 = Release|Any CPU
		{2A82E2EE-4D8D-4859-998D-F22708553088}.debug_2|Any CPU.ActiveCfg = Debug|Any CPU
		{2A82E2EE-4D8D-4859-998D-F22708553088}.debug_2|Any CPU.Build.0 = Debug|Any CPU
		{2A82E2EE-4D8D-4859-998D-F22708553088}.Debug|Any CPU.ActiveCfg = Debug|Any CPU
		{2A82E2EE-4D8D-4859-998D-F22708553088}.Debug|Any CPU.Build.0 = Debug|Any CPU
		{2A82E2EE-4D8D-4859-998D-F22708553088}.Release|Any CPU.ActiveCfg = Release|Any CPU
		{2A82E2EE-4D8D-4859-998D-F22708553088}.Release|Any CPU.Build.0 = Release|Any CPU
	EndGlobalSection
	GlobalSection(SolutionProperties) = preSolution
		HideSolutionNode = FALSE
	EndGlobalSection
	GlobalSection(NestedProjects) = preSolution
		{EF19D28E-85A0-40D1-8D4A-A8AEEBBFD1E7} = {6C677EA5-6AC4-4A8A-915A-4F423C4A1DB3}
		{1CB5FC9B-0BD5-4E97-8CE8-898E3FB9877F} = {D7043503-BE0C-4735-8606-7B1E9E417A88}
		{1C9F497F-3935-4C17-A9BF-1E195ED07C46} = {1CB5FC9B-0BD5-4E97-8CE8-898E3FB9877F}
		{78F1657A-B17D-4011-935C-2BD64F2B0B5F} = {1CB5FC9B-0BD5-4E97-8CE8-898E3FB9877F}
		{12470CBB-711A-4F47-B47F-184FFEF58018} = {D7043503-BE0C-4735-8606-7B1E9E417A88}
		{1B22C771-4822-4340-A152-C10BB6794BB3} = {12470CBB-711A-4F47-B47F-184FFEF58018}
		{5CA782EF-B3AC-4799-8742-858EC27E590F} = {12470CBB-711A-4F47-B47F-184FFEF58018}
		{76426A35-509A-4A73-93CC-16AB2F8351E7} = {D7043503-BE0C-4735-8606-7B1E9E417A88}
		{2A82E2EE-4D8D-4859-998D-F22708553088} = {76426A35-509A-4A73-93CC-16AB2F8351E7}
	EndGlobalSection
	GlobalSection(ExtensibilityGlobals) = postSolution
		SolutionGuid = {1049AD0B-2757-424D-B2F4-BD57E7A7F67A}
	EndGlobalSection
EndGlobal
